// !$*UTF8*$!
{
	archiveVersion = 1;
	classes = {
	};
	objectVersion = 46;
	objects = {

/* Begin PBXBuildFile section */
		4B6DC84D1A1A52C500B9EFFD /* main.m in Sources */ = {isa = PBXBuildFile; fileRef = 4B6DC84C1A1A52C500B9EFFD /* main.m */; };
		4B6DC8501A1A52C500B9EFFD /* AppDelegate.m in Sources */ = {isa = PBXBuildFile; fileRef = 4B6DC84F1A1A52C500B9EFFD /* AppDelegate.m */; };
		4B6DC8531A1A52C500B9EFFD /* ViewController.m in Sources */ = {isa = PBXBuildFile; fileRef = 4B6DC8521A1A52C500B9EFFD /* ViewController.m */; };
		4B6DC8561A1A52C500B9EFFD /* Main.storyboard in Resources */ = {isa = PBXBuildFile; fileRef = 4B6DC8541A1A52C500B9EFFD /* Main.storyboard */; };
		4B6DC8581A1A52C500B9EFFD /* Images.xcassets in Resources */ = {isa = PBXBuildFile; fileRef = 4B6DC8571A1A52C500B9EFFD /* Images.xcassets */; };
		4B6DC85B1A1A52C500B9EFFD /* LaunchScreen.xib in Resources */ = {isa = PBXBuildFile; fileRef = 4B6DC8591A1A52C500B9EFFD /* LaunchScreen.xib */; };
		4B6DC8671A1A52C500B9EFFD /* QuizTests.m in Sources */ = {isa = PBXBuildFile; fileRef = 4B6DC8661A1A52C500B9EFFD /* QuizTests.m */; };
/* End PBXBuildFile section */

/* Begin PBXContainerItemProxy section */
		4B6DC8611A1A52C500B9EFFD /* PBXContainerItemProxy */ = {
			isa = PBXContainerItemProxy;
			containerPortal = 4B6DC83F1A1A52C500B9EFFD /* Project object */;
			proxyType = 1;
			remoteGlobalIDString = 4B6DC8461A1A52C500B9EFFD;
			remoteInfo = Quiz;
		};
/* End PBXContainerItemProxy section */

/* Begin PBXFileReference section */
		4B6DC8471A1A52C500B9EFFD /* Quiz.app */ = {isa = PBXFileReference; explicitFileType = wrapper.application; includeInIndex = 0; path = Quiz.app; sourceTree = BUILT_PRODUCTS_DIR; };
		4B6DC84B1A1A52C500B9EFFD /* Info.plist */ = {isa = PBXFileReference; lastKnownFileType = text.plist.xml; path = Info.plist; sourceTree = "<group>"; };
		4B6DC84C1A1A52C500B9EFFD /* main.m */ = {isa = PBXFileReference; lastKnownFileType = sourcecode.c.objc; path = main.m; sourceTree = "<group>"; };
		4B6DC84E1A1A52C500B9EFFD /* AppDelegate.h */ = {isa = PBXFileReference; lastKnownFileType = sourcecode.c.h; path = AppDelegate.h; sourceTree = "<group>"; };
		4B6DC84F1A1A52C500B9EFFD /* AppDelegate.m */ = {isa = PBXFileReference; lastKnownFileType = sourcecode.c.objc; path = AppDelegate.m; sourceTree = "<group>"; };
		4B6DC8511A1A52C500B9EFFD /* ViewController.h */ = {isa = PBXFileReference; lastKnownFileType = sourcecode.c.h; path = ViewController.h; sourceTree = "<group>"; };
		4B6DC8521A1A52C500B9EFFD /* ViewController.m */ = {isa = PBXFileReference; lastKnownFileType = sourcecode.c.objc; path = ViewController.m; sourceTree = "<group>"; };
		4B6DC8551A1A52C500B9EFFD /* Base */ = {isa = PBXFileReference; lastKnownFileType = file.storyboard; name = Base; path = Base.lproj/Main.storyboard; sourceTree = "<group>"; };
		4B6DC8571A1A52C500B9EFFD /* Images.xcassets */ = {isa = PBXFileReference; lastKnownFileType = folder.assetcatalog; path = Images.xcassets; sourceTree = "<group>"; };
		4B6DC85A1A1A52C500B9EFFD /* Base */ = {isa = PBXFileReference; lastKnownFileType = file.xib; name = Base; path = Base.lproj/LaunchScreen.xib; sourceTree = "<group>"; };
		4B6DC8601A1A52C500B9EFFD /* QuizTests.xctest */ = {isa = PBXFileReference; explicitFileType = wrapper.cfbundle; includeInIndex = 0; path = QuizTests.xctest; sourceTree = BUILT_PRODUCTS_DIR; };
		4B6DC8651A1A52C500B9EFFD /* Info.plist */ = {isa = PBXFileReference; lastKnownFileType = text.plist.xml; path = Info.plist; sourceTree = "<group>"; };
		4B6DC8661A1A52C500B9EFFD /* QuizTests.m */ = {isa = PBXFileReference; lastKnownFileType = sourcecode.c.objc; path = QuizTests.m; sourceTree = "<group>"; };
/* End PBXFileReference section */

/* Begin PBXFrameworksBuildPhase section */
		4B6DC8441A1A52C500B9EFFD /* Frameworks */ = {
			isa = PBXFrameworksBuildPhase;
			buildActionMask = 2147483647;
			files = (
			);
			runOnlyForDeploymentPostprocessing = 0;
		};
		4B6DC85D1A1A52C500B9EFFD /* Frameworks */ = {
			isa = PBXFrameworksBuildPhase;
			buildActionMask = 2147483647;
			files = (
			);
			runOnlyForDeploymentPostprocessing = 0;
		};
/* End PBXFrameworksBuildPhase section */

/* Begin PBXGroup section */
		4B6DC83E1A1A52C500B9EFFD = {
			isa = PBXGroup;
			children = (
				4B6DC8491A1A52C500B9EFFD /* Quiz */,
				4B6DC8631A1A52C500B9EFFD /* QuizTests */,
				4B6DC8481A1A52C500B9EFFD /* Products */,
			);
			sourceTree = "<group>";
		};
		4B6DC8481A1A52C500B9EFFD /* Products */ = {
			isa = PBXGroup;
			children = (
				4B6DC8471A1A52C500B9EFFD /* Quiz.app */,
				4B6DC8601A1A52C500B9EFFD /* QuizTests.xctest */,
			);
			name = Products;
			sourceTree = "<group>";
		};
		4B6DC8491A1A52C500B9EFFD /* Quiz */ = {
			isa = PBXGroup;
			children = (
				4B6DC84E1A1A52C500B9EFFD /* AppDelegate.h */,
				4B6DC84F1A1A52C500B9EFFD /* AppDelegate.m */,
				4B6DC8511A1A52C500B9EFFD /* ViewController.h */,
				4B6DC8521A1A52C500B9EFFD /* ViewController.m */,
				4B6DC8541A1A52C500B9EFFD /* Main.storyboard */,
				4B6DC8571A1A52C500B9EFFD /* Images.xcassets */,
				4B6DC8591A1A52C500B9EFFD /* LaunchScreen.xib */,
				4B6DC84A1A1A52C500B9EFFD /* Supporting Files */,
			);
			path = Quiz;
			sourceTree = "<group>";
		};
		4B6DC84A1A1A52C500B9EFFD /* Supporting Files */ = {
			isa = PBXGroup;
			children = (
				4B6DC84B1A1A52C500B9EFFD /* Info.plist */,
				4B6DC84C1A1A52C500B9EFFD /* main.m */,
			);
			name = "Supporting Files";
			sourceTree = "<group>";
		};
		4B6DC8631A1A52C500B9EFFD /* QuizTests */ = {
			isa = PBXGroup;
			children = (
				4B6DC8661A1A52C500B9EFFD /* QuizTests.m */,
				4B6DC8641A1A52C500B9EFFD /* Supporting Files */,
			);
			path = QuizTests;
			sourceTree = "<group>";
		};
		4B6DC8641A1A52C500B9EFFD /* Supporting Files */ = {
			isa = PBXGroup;
			children = (
				4B6DC8651A1A52C500B9EFFD /* Info.plist */,
			);
			name = "Supporting Files";
			sourceTree = "<group>";
		};
/* End PBXGroup section */

/* Begin PBXNativeTarget section */
		4B6DC8461A1A52C500B9EFFD /* Quiz */ = {
			isa = PBXNativeTarget;
			buildConfigurationList = 4B6DC86A1A1A52C500B9EFFD /* Build configuration list for PBXNativeTarget "Quiz" */;
			buildPhases = (
				4B6DC8431A1A52C500B9EFFD /* Sources */,
				4B6DC8441A1A52C500B9EFFD /* Frameworks */,
				4B6DC8451A1A52C500B9EFFD /* Resources */,
			);
			buildRules = (
			);
			dependencies = (
			);
			name = Quiz;
			productName = Quiz;
			productReference = 4B6DC8471A1A52C500B9EFFD /* Quiz.app */;
			productType = "com.apple.product-type.application";
		};
		4B6DC85F1A1A52C500B9EFFD /* QuizTests */ = {
			isa = PBXNativeTarget;
			buildConfigurationList = 4B6DC86D1A1A52C500B9EFFD /* Build configuration list for PBXNativeTarget "QuizTests" */;
			buildPhases = (
				4B6DC85C1A1A52C500B9EFFD /* Sources */,
				4B6DC85D1A1A52C500B9EFFD /* Frameworks */,
				4B6DC85E1A1A52C500B9EFFD /* Resources */,
			);
			buildRules = (
			);
			dependencies = (
				4B6DC8621A1A52C500B9EFFD /* PBXTargetDependency */,
			);
			name = QuizTests;
			productName = QuizTests;
			productReference = 4B6DC8601A1A52C500B9EFFD /* QuizTests.xctest */;
			productType = "com.apple.product-type.bundle.unit-test";
		};
/* End PBXNativeTarget section */

/* Begin PBXProject section */
		4B6DC83F1A1A52C500B9EFFD /* Project object */ = {
			isa = PBXProject;
			attributes = {
				LastUpgradeCheck = 0610;
				ORGANIZATIONNAME = BNR;
				TargetAttributes = {
					4B6DC8461A1A52C500B9EFFD = {
						CreatedOnToolsVersion = 6.1;
					};
					4B6DC85F1A1A52C500B9EFFD = {
						CreatedOnToolsVersion = 6.1;
						TestTargetID = 4B6DC8461A1A52C500B9EFFD;
					};
				};
			};
			buildConfigurationList = 4B6DC8421A1A52C500B9EFFD /* Build configuration list for PBXProject "Quiz" */;
			compatibilityVersion = "Xcode 3.2";
			developmentRegion = English;
			hasScannedForEncodings = 0;
			knownRegions = (
				en,
				Base,
			);
			mainGroup = 4B6DC83E1A1A52C500B9EFFD;
			productRefGroup = 4B6DC8481A1A52C500B9EFFD /* Products */;
			projectDirPath = "";
			projectRoot = "";
			targets = (
				4B6DC8461A1A52C500B9EFFD /* Quiz */,
				4B6DC85F1A1A52C500B9EFFD /* QuizTests */,
			);
		};
/* End PBXProject section */

/* Begin PBXResourcesBuildPhase section */
		4B6DC8451A1A52C500B9EFFD /* Resources */ = {
			isa = PBXResourcesBuildPhase;
			buildActionMask = 2147483647;
			files = (
				4B6DC8561A1A52C500B9EFFD /* Main.storyboard in Resources */,
				4B6DC85B1A1A52C500B9EFFD /* LaunchScreen.xib in Resources */,
				4B6DC8581A1A52C500B9EFFD /* Images.xcassets in Resources */,
			);
			runOnlyForDeploymentPostprocessing = 0;
		};
		4B6DC85E1A1A52C500B9EFFD /* Resources */ = {
			isa = PBXResourcesBuildPhase;
			buildActionMask = 2147483647;
			files = (
			);
			runOnlyForDeploymentPostprocessing = 0;
		};
/* End PBXResourcesBuildPhase section */

/* Begin PBXSourcesBuildPhase section */
		4B6DC8431A1A52C500B9EFFD /* Sources */ = {
			isa = PBXSourcesBuildPhase;
			buildActionMask = 2147483647;
			files = (
				4B6DC8531A1A52C500B9EFFD /* ViewController.m in Sources */,
				4B6DC8501A1A52C500B9EFFD /* AppDelegate.m in Sources */,
				4B6DC84D1A1A52C500B9EFFD /* main.m in Sources */,
			);
			runOnlyForDeploymentPostprocessing = 0;
		};
		4B6DC85C1A1A52C500B9EFFD /* Sources */ = {
			isa = PBXSourcesBuildPhase;
			buildActionMask = 2147483647;
			files = (
				4B6DC8671A1A52C500B9EFFD /* QuizTests.m in Sources */,
			);
			runOnlyForDeploymentPostprocessing = 0;
		};
/* End PBXSourcesBuildPhase section */

/* Begin PBXTargetDependency section */
		4B6DC8621A1A52C500B9EFFD /* PBXTargetDependency */ = {
			isa = PBXTargetDependency;
			target = 4B6DC8461A1A52C500B9EFFD /* Quiz */;
			targetProxy = 4B6DC8611A1A52C500B9EFFD /* PBXContainerItemProxy */;
		};
/* End PBXTargetDependency section */

/* Begin PBXVariantGroup section */
		4B6DC8541A1A52C500B9EFFD /* Main.storyboard */ = {
			isa = PBXVariantGroup;
			children = (
				4B6DC8551A1A52C500B9EFFD /* Base */,
			);
			name = Main.storyboard;
			sourceTree = "<group>";
		};
		4B6DC8591A1A52C500B9EFFD /* LaunchScreen.xib */ = {
			isa = PBXVariantGroup;
			children = (
				4B6DC85A1A1A52C500B9EFFD /* Base */,
			);
			name = LaunchScreen.xib;
			sourceTree = "<group>";
		};
/* End PBXVariantGroup section */

/* Begin XCBuildConfiguration section */
		4B6DC8681A1A52C500B9EFFD /* Debug */ = {
			isa = XCBuildConfiguration;
			buildSettings = {
				ALWAYS_SEARCH_USER_PATHS = NO;
				CLANG_CXX_LANGUAGE_STANDARD = "gnu++0x";
				CLANG_CXX_LIBRARY = "libc++";
				CLANG_ENABLE_MODULES = YES;
				CLANG_ENABLE_OBJC_ARC = YES;
				CLANG_WARN_BOOL_CONVERSION = YES;
				CLANG_WARN_CONSTANT_CONVERSION = YES;
				CLANG_WARN_DIRECT_OBJC_ISA_USAGE = YES_ERROR;
				CLANG_WARN_EMPTY_BODY = YES;
				CLANG_WARN_ENUM_CONVERSION = YES;
				CLANG_WARN_INT_CONVERSION = YES;
				CLANG_WARN_OBJC_ROOT_CLASS = YES_ERROR;
				CLANG_WARN_UNREACHABLE_CODE = YES;
				CLANG_WARN__DUPLICATE_METHOD_MATCH = YES;
				"CODE_SIGN_IDENTITY[sdk=iphoneos*]" = "iPhone Developer";
				COPY_PHASE_STRIP = NO;
				ENABLE_STRICT_OBJC_MSGSEND = YES;
				GCC_C_LANGUAGE_STANDARD = gnu99;
				GCC_DYNAMIC_NO_PIC = NO;
				GCC_OPTIMIZATION_LEVEL = 0;
				GCC_PREPROCESSOR_DEFINITIONS = (
					"DEBUG=1",
					"$(inherited)",
				);
				GCC_SYMBOLS_PRIVATE_EXTERN = NO;
				GCC_WARN_64_TO_32_BIT_CONVERSION = YES;
				GCC_WARN_ABOUT_RETURN_TYPE = YES_ERROR;
				GCC_WARN_UNDECLARED_SELECTOR = YES;
				GCC_WARN_UNINITIALIZED_AUTOS = YES_AGGRESSIVE;
				GCC_WARN_UNUSED_FUNCTION = YES;
				GCC_WARN_UNUSED_VARIABLE = YES;
				IPHONEOS_DEPLOYMENT_TARGET = 8.1;
				MTL_ENABLE_DEBUG_INFO = YES;
				ONLY_ACTIVE_ARCH = YES;
				SDKROOT = iphoneos;
			};
			name = Debug;
		};
		4B6DC8691A1A52C500B9EFFD /* Release */ = {
			isa = XCBuildConfiguration;
			buildSettings = {
				ALWAYS_SEARCH_USER_PATHS = NO;
				CLANG_CXX_LANGUAGE_STANDARD = "gnu++0x";
				CLANG_CXX_LIBRARY = "libc++";
				CLANG_ENABLE_MODULES = YES;
				CLANG_ENABLE_OBJC_ARC = YES;
				CLANG_WARN_BOOL_CONVERSION = YES;
				CLANG_WARN_CONSTANT_CONVERSION = YES;
				CLANG_WARN_DIRECT_OBJC_ISA_USAGE = YES_ERROR;
				CLANG_WARN_EMPTY_BODY = YES;
				CLANG_WARN_ENUM_CONVERSION = YES;
				CLANG_WARN_INT_CONVERSION = YES;
				CLANG_WARN_OBJC_ROOT_CLASS = YES_ERROR;
				CLANG_WARN_UNREACHABLE_CODE = YES;
				CLANG_WARN__DUPLICATE_METHOD_MATCH = YES;
				"CODE_SIGN_IDENTITY[sdk=iphoneos*]" = "iPhone Developer";
				COPY_PHASE_STRIP = YES;
				ENABLE_NS_ASSERTIONS = NO;
				ENABLE_STRICT_OBJC_MSGSEND = YES;
				GCC_C_LANGUAGE_STANDARD = gnu99;
				GCC_WARN_64_TO_32_BIT_CONVERSION = YES;
				GCC_WARN_ABOUT_RETURN_TYPE = YES_ERROR;
				GCC_WARN_UNDECLARED_SELECTOR = YES;
				GCC_WARN_UNINITIALIZED_AUTOS = YES_AGGRESSIVE;
				GCC_WARN_UNUSED_FUNCTION = YES;
				GCC_WARN_UNUSED_VARIABLE = YES;
				IPHONEOS_DEPLOYMENT_TARGET = 8.1;
				MTL_ENABLE_DEBUG_INFO = NO;
				SDKROOT = iphoneos;
				VALIDATE_PRODUCT = YES;
			};
			name = Release;
		};
		4B6DC86B1A1A52C500B9EFFD /* Debug */ = {
			isa = XCBuildConfiguration;
			buildSettings = {
				ASSETCATALOG_COMPILER_APPICON_NAME = AppIcon;
				INFOPLIST_FILE = Quiz/Info.plist;
				LD_RUNPATH_SEARCH_PATHS = "$(inherited) @executable_path/Frameworks";
				PRODUCT_NAME = "$(TARGET_NAME)";
			};
			name = Debug;
		};
		4B6DC86C1A1A52C500B9EFFD /* Release */ = {
			isa = XCBuildConfiguration;
			buildSettings = {
				ASSETCATALOG_COMPILER_APPICON_NAME = AppIcon;
				INFOPLIST_FILE = Quiz/Info.plist;
				LD_RUNPATH_SEARCH_PATHS = "$(inherited) @executable_path/Frameworks";
				PRODUCT_NAME = "$(TARGET_NAME)";
			};
			name = Release;
		};
		4B6DC86E1A1A52C500B9EFFD /* Debug */ = {
			isa = XCBuildConfiguration;
			buildSettings = {
				BUNDLE_LOADER = "$(TEST_HOST)";
				FRAMEWORK_SEARCH_PATHS = (
					"$(SDKROOT)/Developer/Library/Frameworks",
					"$(inherited)",
				);
				GCC_PREPROCESSOR_DEFINITIONS = (
					"DEBUG=1",
					"$(inherited)",
				);
				INFOPLIST_FILE = QuizTests/Info.plist;
				LD_RUNPATH_SEARCH_PATHS = "$(inherited) @executable_path/Frameworks @loader_path/Frameworks";
				PRODUCT_NAME = "$(TARGET_NAME)";
				TEST_HOST = "$(BUILT_PRODUCTS_DIR)/Quiz.app/Quiz";
			};
			name = Debug;
		};
		4B6DC86F1A1A52C500B9EFFD /* Release */ = {
			isa = XCBuildConfiguration;
			buildSettings = {
				BUNDLE_LOADER = "$(TEST_HOST)";
				FRAMEWORK_SEARCH_PATHS = (
					"$(SDKROOT)/Developer/Library/Frameworks",
					"$(inherited)",
				);
				INFOPLIST_FILE = QuizTests/Info.plist;
				LD_RUNPATH_SEARCH_PATHS = "$(inherited) @executable_path/Frameworks @loader_path/Frameworks";
				PRODUCT_NAME = "$(TARGET_NAME)";
				TEST_HOST = "$(BUILT_PRODUCTS_DIR)/Quiz.app/Quiz";
			};
			name = Release;
		};
/* End XCBuildConfiguration section */

/* Begin XCConfigurationList section */
		4B6DC8421A1A52C500B9EFFD /* Build configuration list for PBXProject "Quiz" */ = {
			isa = XCConfigurationList;
			buildConfigurations = (
				4B6DC8681A1A52C500B9EFFD /* Debug */,
				4B6DC8691A1A52C500B9EFFD /* Release */,
			);
			defaultConfigurationIsVisible = 0;
			defaultConfigurationName = Release;
		};
		4B6DC86A1A1A52C500B9EFFD /* Build configuration list for PBXNativeTarget "Quiz" */ = {
			isa = XCConfigurationList;
			buildConfigurations = (
				4B6DC86B1A1A52C500B9EFFD /* Debug */,
				4B6DC86C1A1A52C500B9EFFD /* Release */,
			);
			defaultConfigurationIsVisible = 0;
		};
		4B6DC86D1A1A52C500B9EFFD /* Build configuration list for PBXNativeTarget "QuizTests" */ = {
			isa = XCConfigurationList;
			buildConfigurations = (
				4B6DC86E1A1A52C500B9EFFD /* Debug */,
				4B6DC86F1A1A52C500B9EFFD /* Release */,
			);
			defaultConfigurationIsVisible = 0;
		};
/* End XCConfigurationList section */
	};
	rootObject = 4B6DC83F1A1A52C500B9EFFD /* Project object */;
}
